
Microsoft Visual Studio Solution File, Format Version 11.00
# Visual Studio 2010
Project("{8BC9CEB8-8B4A-11D0-8D11-00A0C91BC942}") = "001", "001.vcxproj", "{A34BD6BA-7A78-BFAA-56D8-0A944291FBDF}"
EndProject
Global
	GlobalSection(SolutionConfigurationPlatforms) = preSolution
		Debug|Win32 = Debug|Win32
		Release|Win32 = Release|Win32
	EndGlobalSection
	GlobalSection(ProjectConfigurationPlatforms) = postSolution
		{A34BD6BA-7A78-BFAA-56D8-0A944291FBDF}.Debug|Win32.ActiveCfg = Debug|Win32
		{A34BD6BA-7A78-BFAA-56D8-0A944291FBDF}.Debug|Win32.Build.0 = Debug|Win32
		{A34BD6BA-7A78-BFAA-56D8-0A944291FBDF}.Release|Win32.ActiveCfg = Release|Win32
		{A34BD6BA-7A78-BFAA-56D8-0A944291FBDF}.Release|Win32.Build.0 = Release|Win32
	EndGlobalSection
	GlobalSection(SolutionProperties) = preSolution
		HideSolutionNode = FALSE
	EndGlobalSection
EndGlobal
